
Microsoft Visual Studio Solution File, Format Version 12.00
# Visual Studio Version 17
VisualStudioVersion = 17.0.32112.339
MinimumVisualStudioVersion = 10.0.40219.1
Project("{2150E333-8FDC-42A3-9474-1A3956D46DE8}") = "Solution Items", "Solution Items", "{6BA02E31-3715-4B2A-943A-284C395FCB4E}"
	ProjectSection(SolutionItems) = preProject
		.dockerignore = .dockerignore
		docker-compose.Ecosystem.yml = docker-compose.Ecosystem.yml
		docker-compose.IntegrationTests.yml = docker-compose.IntegrationTests.yml
		docker-compose.UnitTests.yml = docker-compose.UnitTests.yml
		docker-compose.yml = docker-compose.yml
		Dockerfile = Dockerfile
		Dockerfile.container = Dockerfile.container
		Dockerfile.for-testing = Dockerfile.for-testing
		Dockerfile.integration-tests = Dockerfile.integration-tests
		Dockerfile.unit-tests = Dockerfile.unit-tests
		..\README.md = ..\README.md
		run-integration-tests.ps1 = run-integration-tests.ps1
		run-unit-tests.ps1 = run-unit-tests.ps1
		supervisord.conf = supervisord.conf
	EndProjectSection
EndProject
Project("{2150E333-8FDC-42A3-9474-1A3956D46DE8}") = "010 Repository", "010 Repository", "{6130BA29-CE67-48FC-8380-98B2FE85786D}"
EndProject
Project("{2150E333-8FDC-42A3-9474-1A3956D46DE8}") = "020 API", "020 API", "{CE22CF4A-72DA-4EDB-9378-E40EA633E9E1}"
EndProject
Project("{9A19103F-16F7-4668-BE54-9A1E7A4F7556}") = "CDR.Register.Repository", "CDR.Register.Repository\CDR.Register.Repository.csproj", "{C2E7D55B-43B6-4664-A066-D1C0276314E3}"
EndProject
Project("{9A19103F-16F7-4668-BE54-9A1E7A4F7556}") = "CDR.Register.Discovery.API", "CDR.Register.Discovery.API\CDR.Register.Discovery.API.csproj", "{A382203B-0F33-41A2-81B3-88473BE2F62D}"
EndProject
Project("{9A19103F-16F7-4668-BE54-9A1E7A4F7556}") = "CDR.Register.SSA.API", "CDR.Register.SSA.API\CDR.Register.SSA.API.csproj", "{516509DF-40C1-466B-8650-148A29AB386E}"
EndProject
Project("{2150E333-8FDC-42A3-9474-1A3956D46DE8}") = "030 Infosec", "030 Infosec", "{230F6496-D6D5-4679-B613-197F582A0891}"
EndProject
Project("{2150E333-8FDC-42A3-9474-1A3956D46DE8}") = "040 Domain", "040 Domain", "{EF906D5A-C313-4FCB-985E-DE469A33E176}"
EndProject
Project("{9A19103F-16F7-4668-BE54-9A1E7A4F7556}") = "CDR.Register.Domain", "CDR.Register.Domain\CDR.Register.Domain.csproj", "{48CAE287-0CE6-4007-A969-703F1F5BFF24}"
EndProject
Project("{9A19103F-16F7-4668-BE54-9A1E7A4F7556}") = "CDR.Register.API.Infrastructure", "CDR.Register.API.Infrastructure\CDR.Register.API.Infrastructure.csproj", "{EBF22236-2DF2-460C-B966-6CB6255EF86F}"
EndProject
Project("{2150E333-8FDC-42A3-9474-1A3956D46DE8}") = "050 API Infrastucture", "050 API Infrastucture", "{19E7E869-2818-4B77-9CCF-DBA87DC7E8A9}"
EndProject
Project("{9A19103F-16F7-4668-BE54-9A1E7A4F7556}") = "CDR.Register.Status.API", "CDR.Register.Status.API\CDR.Register.Status.API.csproj", "{C2B9A0B3-ED80-45B6-B1EB-FB63F28A14A0}"
EndProject
Project("{2150E333-8FDC-42A3-9474-1A3956D46DE8}") = "100 Integration Tests", "100 Integration Tests", "{64BCFA1F-3096-4134-A2AE-25CABBCD609F}"
EndProject
Project("{9A19103F-16F7-4668-BE54-9A1E7A4F7556}") = "CDR.Register.IntegrationTests", "CDR.Register.IntegrationTests\CDR.Register.IntegrationTests.csproj", "{CDC36F94-02D0-4572-A5AB-3CDAD6847EF5}"
EndProject
Project("{9A19103F-16F7-4668-BE54-9A1E7A4F7556}") = "CDR.Register.API.Gateway.TLS", "CDR.Register.API.Gateway.TLS\CDR.Register.API.Gateway.TLS.csproj", "{44661DFD-01FC-4011-82AD-783586E6914F}"
EndProject
Project("{9A19103F-16F7-4668-BE54-9A1E7A4F7556}") = "CDR.Register.API.Gateway.mTLS", "CDR.Register.API.Gateway.mTLS\CDR.Register.API.Gateway.mTLS.csproj", "{EE8F5C27-753B-428C-A70A-C01B27271A31}"
EndProject
Project("{9A19103F-16F7-4668-BE54-9A1E7A4F7556}") = "CDR.Register.Domain.UnitTests", "CDR.Register.Domain.UnitTests\CDR.Register.Domain.UnitTests.csproj", "{2C2F14B5-D283-46D6-8689-F5B90EA4A212}"
EndProject
Project("{9A19103F-16F7-4668-BE54-9A1E7A4F7556}") = "CDR.Register.API.Infrastructure.Tests.UnitTests", "CDR.Register.API.Infrastructure.Tests.UnitTests\CDR.Register.API.Infrastructure.Tests.UnitTests.csproj", "{714E0C36-C2D2-4CD1-A081-71507F57AF09}"
EndProject
Project("{2150E333-8FDC-42A3-9474-1A3956D46DE8}") = "060 Administration", "060 Administration", "{69150745-81B1-49D8-A14F-ACA353732AE0}"
EndProject
Project("{9A19103F-16F7-4668-BE54-9A1E7A4F7556}") = "CDR.Register.Admin.API", "CDR.Register.Admin.API\CDR.Register.Admin.API.csproj", "{E63501A6-23C1-4D85-9417-E3824291E65F}"
EndProject
Project("{9A19103F-16F7-4668-BE54-9A1E7A4F7556}") = "CDR.Register.SSA.API.UnitTests", "CDR.Register.SSA.API.UnitTests\CDR.Register.SSA.API.UnitTests.csproj", "{A166246C-5E3F-4E44-B316-D780446F83D9}"
EndProject
Project("{2150E333-8FDC-42A3-9474-1A3956D46DE8}") = "Unit Tests", "Unit Tests", "{DDB4AB2E-31BD-4063-8B1C-3E7ED1B5B0B1}"
EndProject
Project("{9A19103F-16F7-4668-BE54-9A1E7A4F7556}") = "CDR.Register.Infosec", "CDR.Register.Infosec\CDR.Register.Infosec.csproj", "{B704C8B2-3DB0-4465-9886-5863B1C28333}"
EndProject
Global
	GlobalSection(SolutionConfigurationPlatforms) = preSolution
		Debug|Any CPU = Debug|Any CPU
		Release|Any CPU = Release|Any CPU
	EndGlobalSection
	GlobalSection(ProjectConfigurationPlatforms) = postSolution
		{C2E7D55B-43B6-4664-A066-D1C0276314E3}.Debug|Any CPU.ActiveCfg = Debug|Any CPU
		{C2E7D55B-43B6-4664-A066-D1C0276314E3}.Debug|Any CPU.Build.0 = Debug|Any CPU
		{C2E7D55B-43B6-4664-A066-D1C0276314E3}.Release|Any CPU.ActiveCfg = Release|Any CPU
		{C2E7D55B-43B6-4664-A066-D1C0276314E3}.Release|Any CPU.Build.0 = Release|Any CPU
		{A382203B-0F33-41A2-81B3-88473BE2F62D}.Debug|Any CPU.ActiveCfg = Debug|Any CPU
		{A382203B-0F33-41A2-81B3-88473BE2F62D}.Debug|Any CPU.Build.0 = Debug|Any CPU
		{A382203B-0F33-41A2-81B3-88473BE2F62D}.Release|Any CPU.ActiveCfg = Release|Any CPU
		{A382203B-0F33-41A2-81B3-88473BE2F62D}.Release|Any CPU.Build.0 = Release|Any CPU
		{516509DF-40C1-466B-8650-148A29AB386E}.Debug|Any CPU.ActiveCfg = Debug|Any CPU
		{516509DF-40C1-466B-8650-148A29AB386E}.Debug|Any CPU.Build.0 = Debug|Any CPU
		{516509DF-40C1-466B-8650-148A29AB386E}.Release|Any CPU.ActiveCfg = Release|Any CPU
		{516509DF-40C1-466B-8650-148A29AB386E}.Release|Any CPU.Build.0 = Release|Any CPU
		{48CAE287-0CE6-4007-A969-703F1F5BFF24}.Debug|Any CPU.ActiveCfg = Debug|Any CPU
		{48CAE287-0CE6-4007-A969-703F1F5BFF24}.Debug|Any CPU.Build.0 = Debug|Any CPU
		{48CAE287-0CE6-4007-A969-703F1F5BFF24}.Release|Any CPU.ActiveCfg = Release|Any CPU
		{48CAE287-0CE6-4007-A969-703F1F5BFF24}.Release|Any CPU.Build.0 = Release|Any CPU
		{EBF22236-2DF2-460C-B966-6CB6255EF86F}.Debug|Any CPU.ActiveCfg = Debug|Any CPU
		{EBF22236-2DF2-460C-B966-6CB6255EF86F}.Debug|Any CPU.Build.0 = Debug|Any CPU
		{EBF22236-2DF2-460C-B966-6CB6255EF86F}.Release|Any CPU.ActiveCfg = Release|Any CPU
		{EBF22236-2DF2-460C-B966-6CB6255EF86F}.Release|Any CPU.Build.0 = Release|Any CPU
		{C2B9A0B3-ED80-45B6-B1EB-FB63F28A14A0}.Debug|Any CPU.ActiveCfg = Debug|Any CPU
		{C2B9A0B3-ED80-45B6-B1EB-FB63F28A14A0}.Debug|Any CPU.Build.0 = Debug|Any CPU
		{C2B9A0B3-ED80-45B6-B1EB-FB63F28A14A0}.Release|Any CPU.ActiveCfg = Release|Any CPU
		{C2B9A0B3-ED80-45B6-B1EB-FB63F28A14A0}.Release|Any CPU.Build.0 = Release|Any CPU
		{CDC36F94-02D0-4572-A5AB-3CDAD6847EF5}.Debug|Any CPU.ActiveCfg = Debug|Any CPU
		{CDC36F94-02D0-4572-A5AB-3CDAD6847EF5}.Debug|Any CPU.Build.0 = Debug|Any CPU
		{CDC36F94-02D0-4572-A5AB-3CDAD6847EF5}.Release|Any CPU.ActiveCfg = Release|Any CPU
		{CDC36F94-02D0-4572-A5AB-3CDAD6847EF5}.Release|Any CPU.Build.0 = Release|Any CPU
		{44661DFD-01FC-4011-82AD-783586E6914F}.Debug|Any CPU.ActiveCfg = Debug|Any CPU
		{44661DFD-01FC-4011-82AD-783586E6914F}.Debug|Any CPU.Build.0 = Debug|Any CPU
		{44661DFD-01FC-4011-82AD-783586E6914F}.Release|Any CPU.ActiveCfg = Release|Any CPU
		{44661DFD-01FC-4011-82AD-783586E6914F}.Release|Any CPU.Build.0 = Release|Any CPU
		{EE8F5C27-753B-428C-A70A-C01B27271A31}.Debug|Any CPU.ActiveCfg = Debug|Any CPU
		{EE8F5C27-753B-428C-A70A-C01B27271A31}.Debug|Any CPU.Build.0 = Debug|Any CPU
		{EE8F5C27-753B-428C-A70A-C01B27271A31}.Release|Any CPU.ActiveCfg = Release|Any CPU
		{EE8F5C27-753B-428C-A70A-C01B27271A31}.Release|Any CPU.Build.0 = Release|Any CPU
		{2C2F14B5-D283-46D6-8689-F5B90EA4A212}.Debug|Any CPU.ActiveCfg = Debug|Any CPU
		{2C2F14B5-D283-46D6-8689-F5B90EA4A212}.Debug|Any CPU.Build.0 = Debug|Any CPU
		{2C2F14B5-D283-46D6-8689-F5B90EA4A212}.Release|Any CPU.ActiveCfg = Release|Any CPU
		{2C2F14B5-D283-46D6-8689-F5B90EA4A212}.Release|Any CPU.Build.0 = Release|Any CPU
		{714E0C36-C2D2-4CD1-A081-71507F57AF09}.Debug|Any CPU.ActiveCfg = Debug|Any CPU
		{714E0C36-C2D2-4CD1-A081-71507F57AF09}.Debug|Any CPU.Build.0 = Debug|Any CPU
		{714E0C36-C2D2-4CD1-A081-71507F57AF09}.Release|Any CPU.ActiveCfg = Release|Any CPU
		{714E0C36-C2D2-4CD1-A081-71507F57AF09}.Release|Any CPU.Build.0 = Release|Any CPU
		{E63501A6-23C1-4D85-9417-E3824291E65F}.Debug|Any CPU.ActiveCfg = Debug|Any CPU
		{E63501A6-23C1-4D85-9417-E3824291E65F}.Debug|Any CPU.Build.0 = Debug|Any CPU
		{E63501A6-23C1-4D85-9417-E3824291E65F}.Release|Any CPU.ActiveCfg = Release|Any CPU
		{E63501A6-23C1-4D85-9417-E3824291E65F}.Release|Any CPU.Build.0 = Release|Any CPU
		{A166246C-5E3F-4E44-B316-D780446F83D9}.Debug|Any CPU.ActiveCfg = Debug|Any CPU
		{A166246C-5E3F-4E44-B316-D780446F83D9}.Debug|Any CPU.Build.0 = Debug|Any CPU
		{A166246C-5E3F-4E44-B316-D780446F83D9}.Release|Any CPU.ActiveCfg = Release|Any CPU
		{A166246C-5E3F-4E44-B316-D780446F83D9}.Release|Any CPU.Build.0 = Release|Any CPU
		{B704C8B2-3DB0-4465-9886-5863B1C28333}.Debug|Any CPU.ActiveCfg = Debug|Any CPU
		{B704C8B2-3DB0-4465-9886-5863B1C28333}.Debug|Any CPU.Build.0 = Debug|Any CPU
		{B704C8B2-3DB0-4465-9886-5863B1C28333}.Release|Any CPU.ActiveCfg = Release|Any CPU
		{B704C8B2-3DB0-4465-9886-5863B1C28333}.Release|Any CPU.Build.0 = Release|Any CPU
	EndGlobalSection
	GlobalSection(SolutionProperties) = preSolution
		HideSolutionNode = FALSE
	EndGlobalSection
	GlobalSection(NestedProjects) = preSolution
		{C2E7D55B-43B6-4664-A066-D1C0276314E3} = {6130BA29-CE67-48FC-8380-98B2FE85786D}
		{A382203B-0F33-41A2-81B3-88473BE2F62D} = {CE22CF4A-72DA-4EDB-9378-E40EA633E9E1}
		{516509DF-40C1-466B-8650-148A29AB386E} = {CE22CF4A-72DA-4EDB-9378-E40EA633E9E1}
		{48CAE287-0CE6-4007-A969-703F1F5BFF24} = {EF906D5A-C313-4FCB-985E-DE469A33E176}
		{EBF22236-2DF2-460C-B966-6CB6255EF86F} = {19E7E869-2818-4B77-9CCF-DBA87DC7E8A9}
		{C2B9A0B3-ED80-45B6-B1EB-FB63F28A14A0} = {CE22CF4A-72DA-4EDB-9378-E40EA633E9E1}
		{CDC36F94-02D0-4572-A5AB-3CDAD6847EF5} = {64BCFA1F-3096-4134-A2AE-25CABBCD609F}
		{44661DFD-01FC-4011-82AD-783586E6914F} = {19E7E869-2818-4B77-9CCF-DBA87DC7E8A9}
		{EE8F5C27-753B-428C-A70A-C01B27271A31} = {19E7E869-2818-4B77-9CCF-DBA87DC7E8A9}
		{2C2F14B5-D283-46D6-8689-F5B90EA4A212} = {EF906D5A-C313-4FCB-985E-DE469A33E176}
		{714E0C36-C2D2-4CD1-A081-71507F57AF09} = {19E7E869-2818-4B77-9CCF-DBA87DC7E8A9}
		{E63501A6-23C1-4D85-9417-E3824291E65F} = {69150745-81B1-49D8-A14F-ACA353732AE0}
		{A166246C-5E3F-4E44-B316-D780446F83D9} = {DDB4AB2E-31BD-4063-8B1C-3E7ED1B5B0B1}
		{DDB4AB2E-31BD-4063-8B1C-3E7ED1B5B0B1} = {CE22CF4A-72DA-4EDB-9378-E40EA633E9E1}
		{B704C8B2-3DB0-4465-9886-5863B1C28333} = {230F6496-D6D5-4679-B613-197F582A0891}
	EndGlobalSection
	GlobalSection(ExtensibilityGlobals) = postSolution
		SolutionGuid = {3C05D931-EB3F-496C-A1D6-42D22F3651D7}
	EndGlobalSection
EndGlobal
